
Microsoft Visual Studio Solution File, Format Version 12.00
# Visual Studio Version 16
VisualStudioVersion = 16.0.30204.135
MinimumVisualStudioVersion = 10.0.40219.1
Project("{FAE04EC0-301F-11D3-BF4B-00C04F79EFBC}") = "sample_1_8", "sample_1_8\sample_1_8.csproj", "{6F87F81E-8B71-4555-A5BD-761CCA43FC4D}"
EndProject
Global
	GlobalSection(SolutionConfigurationPlatforms) = preSolution
		Debug|Any CPU = Debug|Any CPU
		Release|Any CPU = Release|Any CPU
	EndGlobalSection
	GlobalSection(ProjectConfigurationPlatforms) = postSolution
		{6F87F81E-8B71-4555-A5BD-761CCA43FC4D}.Debug|Any CPU.ActiveCfg = Debug|Any CPU
		{6F87F81E-8B71-4555-A5BD-761CCA43FC4D}.Debug|Any CPU.Build.0 = Debug|Any CPU
		{6F87F81E-8B71-4555-A5BD-761CCA43FC4D}.Release|Any CPU.ActiveCfg = Release|Any CPU
		{6F87F81E-8B71-4555-A5BD-761CCA43FC4D}.Release|Any CPU.Build.0 = Release|Any CPU
	EndGlobalSection
	GlobalSection(SolutionProperties) = preSolution
		HideSolutionNode = FALSE
	EndGlobalSection
	GlobalSection(ExtensibilityGlobals) = postSolution
		SolutionGuid = {12F36958-145E-4DA0-B60D-5DF2DFE1461A}
	EndGlobalSection
EndGlobal
